Microsoft Visual Studio Solution File, Format Version 12.00
# Visual Studio Version 17
VisualStudioVersion = 17.5.2.0
MinimumVisualStudioVersion = 10.0.40219.1
Project("{FAE04EC0-301F-11D3-BF4B-00C04F79EFBC}") = "Dotnet-First_project", "Dotnet-First_project.csproj", "{22CFBDB2-D118-6BD3-B141-5F9D2E44903F}"
EndProject
Global
	GlobalSection(SolutionConfigurationPlatforms) = preSolution
		Debug|Any CPU = Debug|Any CPU
		Release|Any CPU = Release|Any CPU
	EndGlobalSection
	GlobalSection(ProjectConfigurationPlatforms) = postSolution
		{22CFBDB2-D118-6BD3-B141-5F9D2E44903F}.Debug|Any CPU.ActiveCfg = Debug|Any CPU
		{22CFBDB2-D118-6BD3-B141-5F9D2E44903F}.Debug|Any CPU.Build.0 = Debug|Any CPU
		{22CFBDB2-D118-6BD3-B141-5F9D2E44903F}.Release|Any CPU.ActiveCfg = Release|Any CPU
		{22CFBDB2-D118-6BD3-B141-5F9D2E44903F}.Release|Any CPU.Build.0 = Release|Any CPU
	EndGlobalSection
	GlobalSection(SolutionProperties) = preSolution
		HideSolutionNode = FALSE
	EndGlobalSection
	GlobalSection(ExtensibilityGlobals) = postSolution
		SolutionGuid = {37ED60E7-2E1B-42F3-A4D9-BB6C669272CD}
	EndGlobalSection
EndGlobal
